// !$*UTF8*$!
{
	archiveVersion = 1;
	classes = {
	};
	objectVersion = 50;
	objects = {

/* Begin PBXBuildFile section */
		619B7D62241A4FC500EA7446 /* AppDelegate.swift in Sources */ = {isa = PBXBuildFile; fileRef = 619B7D61241A4FC500EA7446 /* AppDelegate.swift */; };
		619B7D64241A4FC500EA7446 /* GameScene.sks in Resources */ = {isa = PBXBuildFile; fileRef = 619B7D63241A4FC500EA7446 /* GameScene.sks */; };
		619B7D68241A4FC600EA7446 /* GameScene.swift in Sources */ = {isa = PBXBuildFile; fileRef = 619B7D67241A4FC600EA7446 /* GameScene.swift */; };
		619B7D6A241A4FC600EA7446 /* GameViewController.swift in Sources */ = {isa = PBXBuildFile; fileRef = 619B7D69241A4FC600EA7446 /* GameViewController.swift */; };
		619B7D6D241A4FC600EA7446 /* Main.storyboard in Resources */ = {isa = PBXBuildFile; fileRef = 619B7D6B241A4FC600EA7446 /* Main.storyboard */; };
		619B7D6F241A4FCC00EA7446 /* Assets.xcassets in Resources */ = {isa = PBXBuildFile; fileRef = 619B7D6E241A4FCC00EA7446 /* Assets.xcassets */; };
		619B7D72241A4FCC00EA7446 /* LaunchScreen.storyboard in Resources */ = {isa = PBXBuildFile; fileRef = 619B7D70241A4FCC00EA7446 /* LaunchScreen.storyboard */; };
		619B7D8B241A503500EA7446 /* sliceHitEnemy.sks in Resources */ = {isa = PBXBuildFile; fileRef = 619B7D7A241A503500EA7446 /* sliceHitEnemy.sks */; };
		619B7D8C241A503500EA7446 /* spark.png in Resources */ = {isa = PBXBuildFile; fileRef = 619B7D7B241A503500EA7446 /* spark.png */; };
		619B7D8D241A503500EA7446 /* sliceHitBomb.sks in Resources */ = {isa = PBXBuildFile; fileRef = 619B7D7C241A503500EA7446 /* sliceHitBomb.sks */; };
		619B7D8E241A503500EA7446 /* sliceFuse.sks in Resources */ = {isa = PBXBuildFile; fileRef = 619B7D7D241A503500EA7446 /* sliceFuse.sks */; };
		619B7D8F241A503500EA7446 /* sliceLifeGone@2x.png in Resources */ = {isa = PBXBuildFile; fileRef = 619B7D7E241A503500EA7446 /* sliceLifeGone@2x.png */; };
		619B7D90241A503500EA7446 /* wrong.caf in Resources */ = {isa = PBXBuildFile; fileRef = 619B7D7F241A503500EA7446 /* wrong.caf */; };
		619B7D91241A503500EA7446 /* whack.caf in Resources */ = {isa = PBXBuildFile; fileRef = 619B7D80241A503500EA7446 /* whack.caf */; };
		619B7D92241A503500EA7446 /* launch.caf in Resources */ = {isa = PBXBuildFile; fileRef = 619B7D81241A503500EA7446 /* launch.caf */; };
		619B7D93241A503500EA7446 /* explosion.caf in Resources */ = {isa = PBXBuildFile; fileRef = 619B7D82241A503500EA7446 /* explosion.caf */; };
		619B7D94241A503500EA7446 /* penguin@2x.png in Resources */ = {isa = PBXBuildFile; fileRef = 619B7D83241A503500EA7446 /* penguin@2x.png */; };
		619B7D95241A503500EA7446 /* sliceBombFuse.caf in Resources */ = {isa = PBXBuildFile; fileRef = 619B7D84241A503500EA7446 /* sliceBombFuse.caf */; };
		619B7D96241A503500EA7446 /* sliceBackground@2x.png in Resources */ = {isa = PBXBuildFile; fileRef = 619B7D85241A503500EA7446 /* sliceBackground@2x.png */; };
		619B7D97241A503500EA7446 /* swoosh3.caf in Resources */ = {isa = PBXBuildFile; fileRef = 619B7D86241A503500EA7446 /* swoosh3.caf */; };
		619B7D98241A503500EA7446 /* swoosh2.caf in Resources */ = {isa = PBXBuildFile; fileRef = 619B7D87241A503500EA7446 /* swoosh2.caf */; };
		619B7D99241A503500EA7446 /* sliceBomb@2x.png in Resources */ = {isa = PBXBuildFile; fileRef = 619B7D88241A503500EA7446 /* sliceBomb@2x.png */; };
		619B7D9A241A503500EA7446 /* swoosh1.caf in Resources */ = {isa = PBXBuildFile; fileRef = 619B7D89241A503500EA7446 /* swoosh1.caf */; };
		619B7D9B241A503500EA7446 /* sliceLife@2x.png in Resources */ = {isa = PBXBuildFile; fileRef = 619B7D8A241A503500EA7446 /* sliceLife@2x.png */; };
		619B7D9D241A790500EA7446 /* ball@2x.png in Resources */ = {isa = PBXBuildFile; fileRef = 619B7D9C241A790500EA7446 /* ball@2x.png */; };
		619B7D9F241A7C3500EA7446 /* game-over@2x.png in Resources */ = {isa = PBXBuildFile; fileRef = 619B7D9E241A7C3400EA7446 /* game-over@2x.png */; };
/* End PBXBuildFile section */

/* Begin PBXFileReference section */
		619B7D5E241A4FC500EA7446 /* Project23.app */ = {isa = PBXFileReference; explicitFileType = wrapper.application; includeInIndex = 0; path = Project23.app; sourceTree = BUILT_PRODUCTS_DIR; };
		619B7D61241A4FC500EA7446 /* AppDelegate.swift */ = {isa = PBXFileReference; lastKnownFileType = sourcecode.swift; path = AppDelegate.swift; sourceTree = "<group>"; };
		619B7D63241A4FC500EA7446 /* GameScene.sks */ = {isa = PBXFileReference; lastKnownFileType = file.sks; path = GameScene.sks; sourceTree = "<group>"; };
		619B7D67241A4FC600EA7446 /* GameScene.swift */ = {isa = PBXFileReference; lastKnownFileType = sourcecode.swift; path = GameScene.swift; sourceTree = "<group>"; };
		619B7D69241A4FC600EA7446 /* GameViewController.swift */ = {isa = PBXFileReference; lastKnownFileType = sourcecode.swift; path = GameViewController.swift; sourceTree = "<group>"; };
		619B7D6C241A4FC600EA7446 /* Base */ = {isa = PBXFileReference; lastKnownFileType = file.storyboard; name = Base; path = Base.lproj/Main.storyboard; sourceTree = "<group>"; };
		619B7D6E241A4FCC00EA7446 /* Assets.xcassets */ = {isa = PBXFileReference; lastKnownFileType = folder.assetcatalog; path = Assets.xcassets; sourceTree = "<group>"; };
		619B7D71241A4FCC00EA7446 /* Base */ = {isa = PBXFileReference; lastKnownFileType = file.storyboard; name = Base; path = Base.lproj/LaunchScreen.storyboard; sourceTree = "<group>"; };
		619B7D73241A4FCC00EA7446 /* Info.plist */ = {isa = PBXFileReference; lastKnownFileType = text.plist.xml; path = Info.plist; sourceTree = "<group>"; };
		619B7D7A241A503500EA7446 /* sliceHitEnemy.sks */ = {isa = PBXFileReference; lastKnownFileType = file.sks; path = sliceHitEnemy.sks; sourceTree = "<group>"; };
		619B7D7B241A503500EA7446 /* spark.png */ = {isa = PBXFileReference; lastKnownFileType = image.png; path = spark.png; sourceTree = "<group>"; };
		619B7D7C241A503500EA7446 /* sliceHitBomb.sks */ = {isa = PBXFileReference; lastKnownFileType = file.sks; path = sliceHitBomb.sks; sourceTree = "<group>"; };
		619B7D7D241A503500EA7446 /* sliceFuse.sks */ = {isa = PBXFileReference; lastKnownFileType = file.sks; path = sliceFuse.sks; sourceTree = "<group>"; };
		619B7D7E241A503500EA7446 /* sliceLifeGone@2x.png */ = {isa = PBXFileReference; lastKnownFileType = image.png; path = "sliceLifeGone@2x.png"; sourceTree = "<group>"; };
		619B7D7F241A503500EA7446 /* wrong.caf */ = {isa = PBXFileReference; lastKnownFileType = file; path = wrong.caf; sourceTree = "<group>"; };
		619B7D80241A503500EA7446 /* whack.caf */ = {isa = PBXFileReference; lastKnownFileType = file; path = whack.caf; sourceTree = "<group>"; };
		619B7D81241A503500EA7446 /* launch.caf */ = {isa = PBXFileReference; lastKnownFileType = file; path = launch.caf; sourceTree = "<group>"; };
		619B7D82241A503500EA7446 /* explosion.caf */ = {isa = PBXFileReference; lastKnownFileType = file; path = explosion.caf; sourceTree = "<group>"; };
		619B7D83241A503500EA7446 /* penguin@2x.png */ = {isa = PBXFileReference; lastKnownFileType = image.png; path = "penguin@2x.png"; sourceTree = "<group>"; };
		619B7D84241A503500EA7446 /* sliceBombFuse.caf */ = {isa = PBXFileReference; lastKnownFileType = file; path = sliceBombFuse.caf; sourceTree = "<group>"; };
		619B7D85241A503500EA7446 /* sliceBackground@2x.png */ = {isa = PBXFileReference; lastKnownFileType = image.png; path = "sliceBackground@2x.png"; sourceTree = "<group>"; };
		619B7D86241A503500EA7446 /* swoosh3.caf */ = {isa = PBXFileReference; lastKnownFileType = file; path = swoosh3.caf; sourceTree = "<group>"; };
		619B7D87241A503500EA7446 /* swoosh2.caf */ = {isa = PBXFileReference; lastKnownFileType = file; path = swoosh2.caf; sourceTree = "<group>"; };
		619B7D88241A503500EA7446 /* sliceBomb@2x.png */ = {isa = PBXFileReference; lastKnownFileType = image.png; path = "sliceBomb@2x.png"; sourceTree = "<group>"; };
		619B7D89241A503500EA7446 /* swoosh1.caf */ = {isa = PBXFileReference; lastKnownFileType = file; path = swoosh1.caf; sourceTree = "<group>"; };
		619B7D8A241A503500EA7446 /* sliceLife@2x.png */ = {isa = PBXFileReference; lastKnownFileType = image.png; path = "sliceLife@2x.png"; sourceTree = "<group>"; };
		619B7D9C241A790500EA7446 /* ball@2x.png */ = {isa = PBXFileReference; lastKnownFileType = image.png; path = "ball@2x.png"; sourceTree = "<group>"; };
		619B7D9E241A7C3400EA7446 /* game-over@2x.png */ = {isa = PBXFileReference; lastKnownFileType = image.png; path = "game-over@2x.png"; sourceTree = "<group>"; };
/* End PBXFileReference section */

/* Begin PBXFrameworksBuildPhase section */
		619B7D5B241A4FC500EA7446 /* Frameworks */ = {
			isa = PBXFrameworksBuildPhase;
			buildActionMask = 2147483647;
			files = (
			);
			runOnlyForDeploymentPostprocessing = 0;
		};
/* End PBXFrameworksBuildPhase section */

/* Begin PBXGroup section */
		619B7D55241A4FC500EA7446 = {
			isa = PBXGroup;
			children = (
				619B7D60241A4FC500EA7446 /* Project23 */,
				619B7D5F241A4FC500EA7446 /* Products */,
			);
			sourceTree = "<group>";
		};
		619B7D5F241A4FC500EA7446 /* Products */ = {
			isa = PBXGroup;
			children = (
				619B7D5E241A4FC500EA7446 /* Project23.app */,
			);
			name = Products;
			sourceTree = "<group>";
		};
		619B7D60241A4FC500EA7446 /* Project23 */ = {
			isa = PBXGroup;
			children = (
				619B7D61241A4FC500EA7446 /* AppDelegate.swift */,
				619B7D63241A4FC500EA7446 /* GameScene.sks */,
				619B7D67241A4FC600EA7446 /* GameScene.swift */,
				619B7D69241A4FC600EA7446 /* GameViewController.swift */,
				619B7D6B241A4FC600EA7446 /* Main.storyboard */,
				619B7D6E241A4FCC00EA7446 /* Assets.xcassets */,
				619B7D70241A4FCC00EA7446 /* LaunchScreen.storyboard */,
				619B7D73241A4FCC00EA7446 /* Info.plist */,
				619B7D79241A503500EA7446 /* Content */,
			);
			path = Project23;
			sourceTree = "<group>";
		};
		619B7D79241A503500EA7446 /* Content */ = {
			isa = PBXGroup;
			children = (
				619B7D7A241A503500EA7446 /* sliceHitEnemy.sks */,
				619B7D7B241A503500EA7446 /* spark.png */,
				619B7D7C241A503500EA7446 /* sliceHitBomb.sks */,
				619B7D7D241A503500EA7446 /* sliceFuse.sks */,
				619B7D7E241A503500EA7446 /* sliceLifeGone@2x.png */,
				619B7D7F241A503500EA7446 /* wrong.caf */,
				619B7D80241A503500EA7446 /* whack.caf */,
				619B7D81241A503500EA7446 /* launch.caf */,
				619B7D82241A503500EA7446 /* explosion.caf */,
				619B7D83241A503500EA7446 /* penguin@2x.png */,
				619B7D84241A503500EA7446 /* sliceBombFuse.caf */,
				619B7D85241A503500EA7446 /* sliceBackground@2x.png */,
				619B7D86241A503500EA7446 /* swoosh3.caf */,
				619B7D87241A503500EA7446 /* swoosh2.caf */,
				619B7D88241A503500EA7446 /* sliceBomb@2x.png */,
				619B7D89241A503500EA7446 /* swoosh1.caf */,
				619B7D8A241A503500EA7446 /* sliceLife@2x.png */,
				619B7D9C241A790500EA7446 /* ball@2x.png */,
				619B7D9E241A7C3400EA7446 /* game-over@2x.png */,
			);
			name = Content;
			path = ../../Content;
			sourceTree = "<group>";
		};
/* End PBXGroup section */

/* Begin PBXNativeTarget section */
		619B7D5D241A4FC500EA7446 /* Project23 */ = {
			isa = PBXNativeTarget;
			buildConfigurationList = 619B7D76241A4FCC00EA7446 /* Build configuration list for PBXNativeTarget "Project23" */;
			buildPhases = (
				619B7D5A241A4FC500EA7446 /* Sources */,
				619B7D5B241A4FC500EA7446 /* Frameworks */,
				619B7D5C241A4FC500EA7446 /* Resources */,
			);
			buildRules = (
			);
			dependencies = (
			);
			name = Project23;
			productName = Project23;
			productReference = 619B7D5E241A4FC500EA7446 /* Project23.app */;
			productType = "com.apple.product-type.application";
		};
/* End PBXNativeTarget section */

/* Begin PBXProject section */
		619B7D56241A4FC500EA7446 /* Project object */ = {
			isa = PBXProject;
			attributes = {
				LastSwiftUpdateCheck = 1130;
				LastUpgradeCheck = 1130;
				ORGANIZATIONNAME = "Ian McDonald";
				TargetAttributes = {
					619B7D5D241A4FC500EA7446 = {
						CreatedOnToolsVersion = 11.3.1;
					};
				};
			};
			buildConfigurationList = 619B7D59241A4FC500EA7446 /* Build configuration list for PBXProject "Project23" */;
			compatibilityVersion = "Xcode 9.3";
			developmentRegion = en;
			hasScannedForEncodings = 0;
			knownRegions = (
				en,
				Base,
			);
			mainGroup = 619B7D55241A4FC500EA7446;
			productRefGroup = 619B7D5F241A4FC500EA7446 /* Products */;
			projectDirPath = "";
			projectRoot = "";
			targets = (
				619B7D5D241A4FC500EA7446 /* Project23 */,
			);
		};
/* End PBXProject section */

/* Begin PBXResourcesBuildPhase section */
		619B7D5C241A4FC500EA7446 /* Resources */ = {
			isa = PBXResourcesBuildPhase;
			buildActionMask = 2147483647;
			files = (
				619B7D95241A503500EA7446 /* sliceBombFuse.caf in Resources */,
				619B7D9D241A790500EA7446 /* ball@2x.png in Resources */,
				619B7D6D241A4FC600EA7446 /* Main.storyboard in Resources */,
				619B7D92241A503500EA7446 /* launch.caf in Resources */,
				619B7D96241A503500EA7446 /* sliceBackground@2x.png in Resources */,
				619B7D8F241A503500EA7446 /* sliceLifeGone@2x.png in Resources */,
				619B7D9F241A7C3500EA7446 /* game-over@2x.png in Resources */,
				619B7D8C241A503500EA7446 /* spark.png in Resources */,
				619B7D93241A503500EA7446 /* explosion.caf in Resources */,
				619B7D64241A4FC500EA7446 /* GameScene.sks in Resources */,
				619B7D97241A503500EA7446 /* swoosh3.caf in Resources */,
				619B7D8B241A503500EA7446 /* sliceHitEnemy.sks in Resources */,
				619B7D8D241A503500EA7446 /* sliceHitBomb.sks in Resources */,
				619B7D9A241A503500EA7446 /* swoosh1.caf in Resources */,
				619B7D6F241A4FCC00EA7446 /* Assets.xcassets in Resources */,
				619B7D9B241A503500EA7446 /* sliceLife@2x.png in Resources */,
				619B7D72241A4FCC00EA7446 /* LaunchScreen.storyboard in Resources */,
				619B7D91241A503500EA7446 /* whack.caf in Resources */,
				619B7D98241A503500EA7446 /* swoosh2.caf in Resources */,
				619B7D90241A503500EA7446 /* wrong.caf in Resources */,
				619B7D8E241A503500EA7446 /* sliceFuse.sks in Resources */,
				619B7D94241A503500EA7446 /* penguin@2x.png in Resources */,
				619B7D99241A503500EA7446 /* sliceBomb@2x.png in Resources */,
			);
			runOnlyForDeploymentPostprocessing = 0;
		};
/* End PBXResourcesBuildPhase section */

/* Begin PBXSourcesBuildPhase section */
		619B7D5A241A4FC500EA7446 /* Sources */ = {
			isa = PBXSourcesBuildPhase;
			buildActionMask = 2147483647;
			files = (
				619B7D68241A4FC600EA7446 /* GameScene.swift in Sources */,
				619B7D6A241A4FC600EA7446 /* GameViewController.swift in Sources */,
				619B7D62241A4FC500EA7446 /* AppDelegate.swift in Sources */,
			);
			runOnlyForDeploymentPostprocessing = 0;
		};
/* End PBXSourcesBuildPhase section */

/* Begin PBXVariantGroup section */
		619B7D6B241A4FC600EA7446 /* Main.storyboard */ = {
			isa = PBXVariantGroup;
			children = (
				619B7D6C241A4FC600EA7446 /* Base */,
			);
			name = Main.storyboard;
			sourceTree = "<group>";
		};
		619B7D70241A4FCC00EA7446 /* LaunchScreen.storyboard */ = {
			isa = PBXVariantGroup;
			children = (
				619B7D71241A4FCC00EA7446 /* Base */,
			);
			name = LaunchScreen.storyboard;
			sourceTree = "<group>";
		};
/* End PBXVariantGroup section */

/* Begin XCBuildConfiguration section */
		619B7D74241A4FCC00EA7446 /* Debug */ = {
			isa = XCBuildConfiguration;
			buildSettings = {
				ALWAYS_SEARCH_USER_PATHS = NO;
				CLANG_ANALYZER_NONNULL = YES;
				CLANG_ANALYZER_NUMBER_OBJECT_CONVERSION = YES_AGGRESSIVE;
				CLANG_CXX_LANGUAGE_STANDARD = "gnu++14";
				CLANG_CXX_LIBRARY = "libc++";
				CLANG_ENABLE_MODULES = YES;
				CLANG_ENABLE_OBJC_ARC = YES;
				CLANG_ENABLE_OBJC_WEAK = YES;
				CLANG_WARN_BLOCK_CAPTURE_AUTORELEASING = YES;
				CLANG_WARN_BOOL_CONVERSION = YES;
				CLANG_WARN_COMMA = YES;
				CLANG_WARN_CONSTANT_CONVERSION = YES;
				CLANG_WARN_DEPRECATED_OBJC_IMPLEMENTATIONS = YES;
				CLANG_WARN_DIRECT_OBJC_ISA_USAGE = YES_ERROR;
				CLANG_WARN_DOCUMENTATION_COMMENTS = YES;
				CLANG_WARN_EMPTY_BODY = YES;
				CLANG_WARN_ENUM_CONVERSION = YES;
				CLANG_WARN_INFINITE_RECURSION = YES;
				CLANG_WARN_INT_CONVERSION = YES;
				CLANG_WARN_NON_LITERAL_NULL_CONVERSION = YES;
				CLANG_WARN_OBJC_IMPLICIT_RETAIN_SELF = YES;
				CLANG_WARN_OBJC_LITERAL_CONVERSION = YES;
				CLANG_WARN_OBJC_ROOT_CLASS = YES_ERROR;
				CLANG_WARN_RANGE_LOOP_ANALYSIS = YES;
				CLANG_WARN_STRICT_PROTOTYPES = YES;
				CLANG_WARN_SUSPICIOUS_MOVE = YES;
				CLANG_WARN_UNGUARDED_AVAILABILITY = YES_AGGRESSIVE;
				CLANG_WARN_UNREACHABLE_CODE = YES;
				CLANG_WARN__DUPLICATE_METHOD_MATCH = YES;
				COPY_PHASE_STRIP = NO;
				DEBUG_INFORMATION_FORMAT = dwarf;
				ENABLE_STRICT_OBJC_MSGSEND = YES;
				ENABLE_TESTABILITY = YES;
				GCC_C_LANGUAGE_STANDARD = gnu11;
				GCC_DYNAMIC_NO_PIC = NO;
				GCC_NO_COMMON_BLOCKS = YES;
				GCC_OPTIMIZATION_LEVEL = 0;
				GCC_PREPROCESSOR_DEFINITIONS = (
					"DEBUG=1",
					"$(inherited)",
				);
				GCC_WARN_64_TO_32_BIT_CONVERSION = YES;
				GCC_WARN_ABOUT_RETURN_TYPE = YES_ERROR;
				GCC_WARN_UNDECLARED_SELECTOR = YES;
				GCC_WARN_UNINITIALIZED_AUTOS = YES_AGGRESSIVE;
				GCC_WARN_UNUSED_FUNCTION = YES;
				GCC_WARN_UNUSED_VARIABLE = YES;
				IPHONEOS_DEPLOYMENT_TARGET = 13.2;
				MTL_ENABLE_DEBUG_INFO = INCLUDE_SOURCE;
				MTL_FAST_MATH = YES;
				ONLY_ACTIVE_ARCH = YES;
				SDKROOT = iphoneos;
				SWIFT_ACTIVE_COMPILATION_CONDITIONS = DEBUG;
				SWIFT_OPTIMIZATION_LEVEL = "-Onone";
			};
			name = Debug;
		};
		619B7D75241A4FCC00EA7446 /* Release */ = {
			isa = XCBuildConfiguration;
			buildSettings = {
				ALWAYS_SEARCH_USER_PATHS = NO;
				CLANG_ANALYZER_NONNULL = YES;
				CLANG_ANALYZER_NUMBER_OBJECT_CONVERSION = YES_AGGRESSIVE;
				CLANG_CXX_LANGUAGE_STANDARD = "gnu++14";
				CLANG_CXX_LIBRARY = "libc++";
				CLANG_ENABLE_MODULES = YES;
				CLANG_ENABLE_OBJC_ARC = YES;
				CLANG_ENABLE_OBJC_WEAK = YES;
				CLANG_WARN_BLOCK_CAPTURE_AUTORELEASING = YES;
				CLANG_WARN_BOOL_CONVERSION = YES;
				CLANG_WARN_COMMA = YES;
				CLANG_WARN_CONSTANT_CONVERSION = YES;
				CLANG_WARN_DEPRECATED_OBJC_IMPLEMENTATIONS = YES;
				CLANG_WARN_DIRECT_OBJC_ISA_USAGE = YES_ERROR;
				CLANG_WARN_DOCUMENTATION_COMMENTS = YES;
				CLANG_WARN_EMPTY_BODY = YES;
				CLANG_WARN_ENUM_CONVERSION = YES;
				CLANG_WARN_INFINITE_RECURSION = YES;
				CLANG_WARN_INT_CONVERSION = YES;
				CLANG_WARN_NON_LITERAL_NULL_CONVERSION = YES;
				CLANG_WARN_OBJC_IMPLICIT_RETAIN_SELF = YES;
				CLANG_WARN_OBJC_LITERAL_CONVERSION = YES;
				CLANG_WARN_OBJC_ROOT_CLASS = YES_ERROR;
				CLANG_WARN_RANGE_LOOP_ANALYSIS = YES;
				CLANG_WARN_STRICT_PROTOTYPES = YES;
				CLANG_WARN_SUSPICIOUS_MOVE = YES;
				CLANG_WARN_UNGUARDED_AVAILABILITY = YES_AGGRESSIVE;
				CLANG_WARN_UNREACHABLE_CODE = YES;
				CLANG_WARN__DUPLICATE_METHOD_MATCH = YES;
				COPY_PHASE_STRIP = NO;
				DEBUG_INFORMATION_FORMAT = "dwarf-with-dsym";
				ENABLE_NS_ASSERTIONS = NO;
				ENABLE_STRICT_OBJC_MSGSEND = YES;
				GCC_C_LANGUAGE_STANDARD = gnu11;
				GCC_NO_COMMON_BLOCKS = YES;
				GCC_WARN_64_TO_32_BIT_CONVERSION = YES;
				GCC_WARN_ABOUT_RETURN_TYPE = YES_ERROR;
				GCC_WARN_UNDECLARED_SELECTOR = YES;
				GCC_WARN_UNINITIALIZED_AUTOS = YES_AGGRESSIVE;
				GCC_WARN_UNUSED_FUNCTION = YES;
				GCC_WARN_UNUSED_VARIABLE = YES;
				IPHONEOS_DEPLOYMENT_TARGET = 13.2;
				MTL_ENABLE_DEBUG_INFO = NO;
				MTL_FAST_MATH = YES;
				SDKROOT = iphoneos;
				SWIFT_COMPILATION_MODE = wholemodule;
				SWIFT_OPTIMIZATION_LEVEL = "-O";
				VALIDATE_PRODUCT = YES;
			};
			name = Release;
		};
		619B7D77241A4FCC00EA7446 /* Debug */ = {
			isa = XCBuildConfiguration;
			buildSettings = {
				ASSETCATALOG_COMPILER_APPICON_NAME = AppIcon;
				CODE_SIGN_STYLE = Automatic;
				DEVELOPMENT_TEAM = UP7QZH8RXJ;
				INFOPLIST_FILE = Project23/Info.plist;
				LD_RUNPATH_SEARCH_PATHS = (
					"$(inherited)",
					"@executable_path/Frameworks",
				);
				PRODUCT_BUNDLE_IDENTIFIER = me.ianmcdonald.Project23;
				PRODUCT_NAME = "$(TARGET_NAME)";
				SWIFT_VERSION = 5.0;
				TARGETED_DEVICE_FAMILY = 2;
			};
			name = Debug;
		};
		619B7D78241A4FCC00EA7446 /* Release */ = {
			isa = XCBuildConfiguration;
			buildSettings = {
				ASSETCATALOG_COMPILER_APPICON_NAME = AppIcon;
				CODE_SIGN_STYLE = Automatic;
				DEVELOPMENT_TEAM = UP7QZH8RXJ;
				INFOPLIST_FILE = Project23/Info.plist;
				LD_RUNPATH_SEARCH_PATHS = (
					"$(inherited)",
					"@executable_path/Frameworks",
				);
				PRODUCT_BUNDLE_IDENTIFIER = me.ianmcdonald.Project23;
				PRODUCT_NAME = "$(TARGET_NAME)";
				SWIFT_VERSION = 5.0;
				TARGETED_DEVICE_FAMILY = 2;
			};
			name = Release;
		};
/* End XCBuildConfiguration section */

/* Begin XCConfigurationList section */
		619B7D59241A4FC500EA7446 /* Build configuration list for PBXProject "Project23" */ = {
			isa = XCConfigurationList;
			buildConfigurations = (
				619B7D74241A4FCC00EA7446 /* Debug */,
				619B7D75241A4FCC00EA7446 /* Release */,
			);
			defaultConfigurationIsVisible = 0;
			defaultConfigurationName = Release;
		};
		619B7D76241A4FCC00EA7446 /* Build configuration list for PBXNativeTarget "Project23" */ = {
			isa = XCConfigurationList;
			buildConfigurations = (
				619B7D77241A4FCC00EA7446 /* Debug */,
				619B7D78241A4FCC00EA7446 /* Release */,
			);
			defaultConfigurationIsVisible = 0;
			defaultConfigurationName = Release;
		};
/* End XCConfigurationList section */
	};
	rootObject = 619B7D56241A4FC500EA7446 /* Project object */;
}
