// !$*UTF8*$!
{
	archiveVersion = 1;
	classes = {
	};
	objectVersion = 50;
	objects = {

/* Begin PBXBuildFile section */
		6109B9E623EC90E80029AEBF /* AppDelegate.swift in Sources */ = {isa = PBXBuildFile; fileRef = 6109B9E523EC90E80029AEBF /* AppDelegate.swift */; };
		6109B9E823EC90E80029AEBF /* SceneDelegate.swift in Sources */ = {isa = PBXBuildFile; fileRef = 6109B9E723EC90E80029AEBF /* SceneDelegate.swift */; };
		6109B9EA23EC90E80029AEBF /* ViewController.swift in Sources */ = {isa = PBXBuildFile; fileRef = 6109B9E923EC90E80029AEBF /* ViewController.swift */; };
		6109B9ED23EC90E80029AEBF /* Main.storyboard in Resources */ = {isa = PBXBuildFile; fileRef = 6109B9EB23EC90E80029AEBF /* Main.storyboard */; };
		6109B9EF23EC90EF0029AEBF /* Assets.xcassets in Resources */ = {isa = PBXBuildFile; fileRef = 6109B9EE23EC90EF0029AEBF /* Assets.xcassets */; };
		6109B9F223EC90EF0029AEBF /* LaunchScreen.storyboard in Resources */ = {isa = PBXBuildFile; fileRef = 6109B9F023EC90EF0029AEBF /* LaunchScreen.storyboard */; };
		6109B9FA23EC95890029AEBF /* PersonCell.swift in Sources */ = {isa = PBXBuildFile; fileRef = 6109B9F923EC95890029AEBF /* PersonCell.swift */; };
		6109B9FC23EC9ADF0029AEBF /* Person.swift in Sources */ = {isa = PBXBuildFile; fileRef = 6109B9FB23EC9ADF0029AEBF /* Person.swift */; };
/* End PBXBuildFile section */

/* Begin PBXFileReference section */
		6109B9E223EC90E80029AEBF /* Project12b.app */ = {isa = PBXFileReference; explicitFileType = wrapper.application; includeInIndex = 0; path = Project12b.app; sourceTree = BUILT_PRODUCTS_DIR; };
		6109B9E523EC90E80029AEBF /* AppDelegate.swift */ = {isa = PBXFileReference; lastKnownFileType = sourcecode.swift; path = AppDelegate.swift; sourceTree = "<group>"; };
		6109B9E723EC90E80029AEBF /* SceneDelegate.swift */ = {isa = PBXFileReference; lastKnownFileType = sourcecode.swift; path = SceneDelegate.swift; sourceTree = "<group>"; };
		6109B9E923EC90E80029AEBF /* ViewController.swift */ = {isa = PBXFileReference; lastKnownFileType = sourcecode.swift; path = ViewController.swift; sourceTree = "<group>"; };
		6109B9EC23EC90E80029AEBF /* Base */ = {isa = PBXFileReference; lastKnownFileType = file.storyboard; name = Base; path = Base.lproj/Main.storyboard; sourceTree = "<group>"; };
		6109B9EE23EC90EF0029AEBF /* Assets.xcassets */ = {isa = PBXFileReference; lastKnownFileType = folder.assetcatalog; path = Assets.xcassets; sourceTree = "<group>"; };
		6109B9F123EC90EF0029AEBF /* Base */ = {isa = PBXFileReference; lastKnownFileType = file.storyboard; name = Base; path = Base.lproj/LaunchScreen.storyboard; sourceTree = "<group>"; };
		6109B9F323EC90EF0029AEBF /* Info.plist */ = {isa = PBXFileReference; lastKnownFileType = text.plist.xml; path = Info.plist; sourceTree = "<group>"; };
		6109B9F923EC95890029AEBF /* PersonCell.swift */ = {isa = PBXFileReference; lastKnownFileType = sourcecode.swift; path = PersonCell.swift; sourceTree = "<group>"; };
		6109B9FB23EC9ADF0029AEBF /* Person.swift */ = {isa = PBXFileReference; lastKnownFileType = sourcecode.swift; path = Person.swift; sourceTree = "<group>"; };
/* End PBXFileReference section */

/* Begin PBXFrameworksBuildPhase section */
		6109B9DF23EC90E80029AEBF /* Frameworks */ = {
			isa = PBXFrameworksBuildPhase;
			buildActionMask = 2147483647;
			files = (
			);
			runOnlyForDeploymentPostprocessing = 0;
		};
/* End PBXFrameworksBuildPhase section */

/* Begin PBXGroup section */
		6109B9D923EC90E80029AEBF = {
			isa = PBXGroup;
			children = (
				6109B9E423EC90E80029AEBF /* Project12b */,
				6109B9E323EC90E80029AEBF /* Products */,
			);
			sourceTree = "<group>";
		};
		6109B9E323EC90E80029AEBF /* Products */ = {
			isa = PBXGroup;
			children = (
				6109B9E223EC90E80029AEBF /* Project12b.app */,
			);
			name = Products;
			sourceTree = "<group>";
		};
		6109B9E423EC90E80029AEBF /* Project12b */ = {
			isa = PBXGroup;
			children = (
				6109B9E523EC90E80029AEBF /* AppDelegate.swift */,
				6109B9E723EC90E80029AEBF /* SceneDelegate.swift */,
				6109B9E923EC90E80029AEBF /* ViewController.swift */,
				6109B9EB23EC90E80029AEBF /* Main.storyboard */,
				6109B9EE23EC90EF0029AEBF /* Assets.xcassets */,
				6109B9F023EC90EF0029AEBF /* LaunchScreen.storyboard */,
				6109B9F323EC90EF0029AEBF /* Info.plist */,
				6109B9F923EC95890029AEBF /* PersonCell.swift */,
				6109B9FB23EC9ADF0029AEBF /* Person.swift */,
			);
			path = Project12b;
			sourceTree = "<group>";
		};
/* End PBXGroup section */

/* Begin PBXNativeTarget section */
		6109B9E123EC90E80029AEBF /* Project12b */ = {
			isa = PBXNativeTarget;
			buildConfigurationList = 6109B9F623EC90EF0029AEBF /* Build configuration list for PBXNativeTarget "Project12b" */;
			buildPhases = (
				6109B9DE23EC90E80029AEBF /* Sources */,
				6109B9DF23EC90E80029AEBF /* Frameworks */,
				6109B9E023EC90E80029AEBF /* Resources */,
			);
			buildRules = (
			);
			dependencies = (
			);
			name = Project12b;
			productName = Project10;
			productReference = 6109B9E223EC90E80029AEBF /* Project12b.app */;
			productType = "com.apple.product-type.application";
		};
/* End PBXNativeTarget section */

/* Begin PBXProject section */
		6109B9DA23EC90E80029AEBF /* Project object */ = {
			isa = PBXProject;
			attributes = {
				LastSwiftUpdateCheck = 1120;
				LastUpgradeCheck = 1120;
				ORGANIZATIONNAME = "Ian McDonald";
				TargetAttributes = {
					6109B9E123EC90E80029AEBF = {
						CreatedOnToolsVersion = 11.2.1;
					};
				};
			};
			buildConfigurationList = 6109B9DD23EC90E80029AEBF /* Build configuration list for PBXProject "Project12b" */;
			compatibilityVersion = "Xcode 9.3";
			developmentRegion = en;
			hasScannedForEncodings = 0;
			knownRegions = (
				en,
				Base,
			);
			mainGroup = 6109B9D923EC90E80029AEBF;
			productRefGroup = 6109B9E323EC90E80029AEBF /* Products */;
			projectDirPath = "";
			projectRoot = "";
			targets = (
				6109B9E123EC90E80029AEBF /* Project12b */,
			);
		};
/* End PBXProject section */

/* Begin PBXResourcesBuildPhase section */
		6109B9E023EC90E80029AEBF /* Resources */ = {
			isa = PBXResourcesBuildPhase;
			buildActionMask = 2147483647;
			files = (
				6109B9F223EC90EF0029AEBF /* LaunchScreen.storyboard in Resources */,
				6109B9EF23EC90EF0029AEBF /* Assets.xcassets in Resources */,
				6109B9ED23EC90E80029AEBF /* Main.storyboard in Resources */,
			);
			runOnlyForDeploymentPostprocessing = 0;
		};
/* End PBXResourcesBuildPhase section */

/* Begin PBXSourcesBuildPhase section */
		6109B9DE23EC90E80029AEBF /* Sources */ = {
			isa = PBXSourcesBuildPhase;
			buildActionMask = 2147483647;
			files = (
				6109B9FC23EC9ADF0029AEBF /* Person.swift in Sources */,
				6109B9EA23EC90E80029AEBF /* ViewController.swift in Sources */,
				6109B9E623EC90E80029AEBF /* AppDelegate.swift in Sources */,
				6109B9FA23EC95890029AEBF /* PersonCell.swift in Sources */,
				6109B9E823EC90E80029AEBF /* SceneDelegate.swift in Sources */,
			);
			runOnlyForDeploymentPostprocessing = 0;
		};
/* End PBXSourcesBuildPhase section */

/* Begin PBXVariantGroup section */
		6109B9EB23EC90E80029AEBF /* Main.storyboard */ = {
			isa = PBXVariantGroup;
			children = (
				6109B9EC23EC90E80029AEBF /* Base */,
			);
			name = Main.storyboard;
			sourceTree = "<group>";
		};
		6109B9F023EC90EF0029AEBF /* LaunchScreen.storyboard */ = {
			isa = PBXVariantGroup;
			children = (
				6109B9F123EC90EF0029AEBF /* Base */,
			);
			name = LaunchScreen.storyboard;
			sourceTree = "<group>";
		};
/* End PBXVariantGroup section */

/* Begin XCBuildConfiguration section */
		6109B9F423EC90EF0029AEBF /* Debug */ = {
			isa = XCBuildConfiguration;
			buildSettings = {
				ALWAYS_SEARCH_USER_PATHS = NO;
				CLANG_ANALYZER_NONNULL = YES;
				CLANG_ANALYZER_NUMBER_OBJECT_CONVERSION = YES_AGGRESSIVE;
				CLANG_CXX_LANGUAGE_STANDARD = "gnu++14";
				CLANG_CXX_LIBRARY = "libc++";
				CLANG_ENABLE_MODULES = YES;
				CLANG_ENABLE_OBJC_ARC = YES;
				CLANG_ENABLE_OBJC_WEAK = YES;
				CLANG_WARN_BLOCK_CAPTURE_AUTORELEASING = YES;
				CLANG_WARN_BOOL_CONVERSION = YES;
				CLANG_WARN_COMMA = YES;
				CLANG_WARN_CONSTANT_CONVERSION = YES;
				CLANG_WARN_DEPRECATED_OBJC_IMPLEMENTATIONS = YES;
				CLANG_WARN_DIRECT_OBJC_ISA_USAGE = YES_ERROR;
				CLANG_WARN_DOCUMENTATION_COMMENTS = YES;
				CLANG_WARN_EMPTY_BODY = YES;
				CLANG_WARN_ENUM_CONVERSION = YES;
				CLANG_WARN_INFINITE_RECURSION = YES;
				CLANG_WARN_INT_CONVERSION = YES;
				CLANG_WARN_NON_LITERAL_NULL_CONVERSION = YES;
				CLANG_WARN_OBJC_IMPLICIT_RETAIN_SELF = YES;
				CLANG_WARN_OBJC_LITERAL_CONVERSION = YES;
				CLANG_WARN_OBJC_ROOT_CLASS = YES_ERROR;
				CLANG_WARN_RANGE_LOOP_ANALYSIS = YES;
				CLANG_WARN_STRICT_PROTOTYPES = YES;
				CLANG_WARN_SUSPICIOUS_MOVE = YES;
				CLANG_WARN_UNGUARDED_AVAILABILITY = YES_AGGRESSIVE;
				CLANG_WARN_UNREACHABLE_CODE = YES;
				CLANG_WARN__DUPLICATE_METHOD_MATCH = YES;
				COPY_PHASE_STRIP = NO;
				DEBUG_INFORMATION_FORMAT = dwarf;
				ENABLE_STRICT_OBJC_MSGSEND = YES;
				ENABLE_TESTABILITY = YES;
				GCC_C_LANGUAGE_STANDARD = gnu11;
				GCC_DYNAMIC_NO_PIC = NO;
				GCC_NO_COMMON_BLOCKS = YES;
				GCC_OPTIMIZATION_LEVEL = 0;
				GCC_PREPROCESSOR_DEFINITIONS = (
					"DEBUG=1",
					"$(inherited)",
				);
				GCC_WARN_64_TO_32_BIT_CONVERSION = YES;
				GCC_WARN_ABOUT_RETURN_TYPE = YES_ERROR;
				GCC_WARN_UNDECLARED_SELECTOR = YES;
				GCC_WARN_UNINITIALIZED_AUTOS = YES_AGGRESSIVE;
				GCC_WARN_UNUSED_FUNCTION = YES;
				GCC_WARN_UNUSED_VARIABLE = YES;
				IPHONEOS_DEPLOYMENT_TARGET = 13.2;
				MTL_ENABLE_DEBUG_INFO = INCLUDE_SOURCE;
				MTL_FAST_MATH = YES;
				ONLY_ACTIVE_ARCH = YES;
				SDKROOT = iphoneos;
				SWIFT_ACTIVE_COMPILATION_CONDITIONS = DEBUG;
				SWIFT_OPTIMIZATION_LEVEL = "-Onone";
			};
			name = Debug;
		};
		6109B9F523EC90EF0029AEBF /* Release */ = {
			isa = XCBuildConfiguration;
			buildSettings = {
				ALWAYS_SEARCH_USER_PATHS = NO;
				CLANG_ANALYZER_NONNULL = YES;
				CLANG_ANALYZER_NUMBER_OBJECT_CONVERSION = YES_AGGRESSIVE;
				CLANG_CXX_LANGUAGE_STANDARD = "gnu++14";
				CLANG_CXX_LIBRARY = "libc++";
				CLANG_ENABLE_MODULES = YES;
				CLANG_ENABLE_OBJC_ARC = YES;
				CLANG_ENABLE_OBJC_WEAK = YES;
				CLANG_WARN_BLOCK_CAPTURE_AUTORELEASING = YES;
				CLANG_WARN_BOOL_CONVERSION = YES;
				CLANG_WARN_COMMA = YES;
				CLANG_WARN_CONSTANT_CONVERSION = YES;
				CLANG_WARN_DEPRECATED_OBJC_IMPLEMENTATIONS = YES;
				CLANG_WARN_DIRECT_OBJC_ISA_USAGE = YES_ERROR;
				CLANG_WARN_DOCUMENTATION_COMMENTS = YES;
				CLANG_WARN_EMPTY_BODY = YES;
				CLANG_WARN_ENUM_CONVERSION = YES;
				CLANG_WARN_INFINITE_RECURSION = YES;
				CLANG_WARN_INT_CONVERSION = YES;
				CLANG_WARN_NON_LITERAL_NULL_CONVERSION = YES;
				CLANG_WARN_OBJC_IMPLICIT_RETAIN_SELF = YES;
				CLANG_WARN_OBJC_LITERAL_CONVERSION = YES;
				CLANG_WARN_OBJC_ROOT_CLASS = YES_ERROR;
				CLANG_WARN_RANGE_LOOP_ANALYSIS = YES;
				CLANG_WARN_STRICT_PROTOTYPES = YES;
				CLANG_WARN_SUSPICIOUS_MOVE = YES;
				CLANG_WARN_UNGUARDED_AVAILABILITY = YES_AGGRESSIVE;
				CLANG_WARN_UNREACHABLE_CODE = YES;
				CLANG_WARN__DUPLICATE_METHOD_MATCH = YES;
				COPY_PHASE_STRIP = NO;
				DEBUG_INFORMATION_FORMAT = "dwarf-with-dsym";
				ENABLE_NS_ASSERTIONS = NO;
				ENABLE_STRICT_OBJC_MSGSEND = YES;
				GCC_C_LANGUAGE_STANDARD = gnu11;
				GCC_NO_COMMON_BLOCKS = YES;
				GCC_WARN_64_TO_32_BIT_CONVERSION = YES;
				GCC_WARN_ABOUT_RETURN_TYPE = YES_ERROR;
				GCC_WARN_UNDECLARED_SELECTOR = YES;
				GCC_WARN_UNINITIALIZED_AUTOS = YES_AGGRESSIVE;
				GCC_WARN_UNUSED_FUNCTION = YES;
				GCC_WARN_UNUSED_VARIABLE = YES;
				IPHONEOS_DEPLOYMENT_TARGET = 13.2;
				MTL_ENABLE_DEBUG_INFO = NO;
				MTL_FAST_MATH = YES;
				SDKROOT = iphoneos;
				SWIFT_COMPILATION_MODE = wholemodule;
				SWIFT_OPTIMIZATION_LEVEL = "-O";
				VALIDATE_PRODUCT = YES;
			};
			name = Release;
		};
		6109B9F723EC90EF0029AEBF /* Debug */ = {
			isa = XCBuildConfiguration;
			buildSettings = {
				ASSETCATALOG_COMPILER_APPICON_NAME = AppIcon;
				CODE_SIGN_STYLE = Automatic;
				DEVELOPMENT_TEAM = UP7QZH8RXJ;
				INFOPLIST_FILE = Project12b/Info.plist;
				LD_RUNPATH_SEARCH_PATHS = (
					"$(inherited)",
					"@executable_path/Frameworks",
				);
				PRODUCT_BUNDLE_IDENTIFIER = me.ianmcdonald.Project12b;
				PRODUCT_NAME = "$(TARGET_NAME)";
				SWIFT_VERSION = 5.0;
				TARGETED_DEVICE_FAMILY = "1,2";
			};
			name = Debug;
		};
		6109B9F823EC90EF0029AEBF /* Release */ = {
			isa = XCBuildConfiguration;
			buildSettings = {
				ASSETCATALOG_COMPILER_APPICON_NAME = AppIcon;
				CODE_SIGN_STYLE = Automatic;
				DEVELOPMENT_TEAM = UP7QZH8RXJ;
				INFOPLIST_FILE = Project12b/Info.plist;
				LD_RUNPATH_SEARCH_PATHS = (
					"$(inherited)",
					"@executable_path/Frameworks",
				);
				PRODUCT_BUNDLE_IDENTIFIER = me.ianmcdonald.Project12b;
				PRODUCT_NAME = "$(TARGET_NAME)";
				SWIFT_VERSION = 5.0;
				TARGETED_DEVICE_FAMILY = "1,2";
			};
			name = Release;
		};
/* End XCBuildConfiguration section */

/* Begin XCConfigurationList section */
		6109B9DD23EC90E80029AEBF /* Build configuration list for PBXProject "Project12b" */ = {
			isa = XCConfigurationList;
			buildConfigurations = (
				6109B9F423EC90EF0029AEBF /* Debug */,
				6109B9F523EC90EF0029AEBF /* Release */,
			);
			defaultConfigurationIsVisible = 0;
			defaultConfigurationName = Release;
		};
		6109B9F623EC90EF0029AEBF /* Build configuration list for PBXNativeTarget "Project12b" */ = {
			isa = XCConfigurationList;
			buildConfigurations = (
				6109B9F723EC90EF0029AEBF /* Debug */,
				6109B9F823EC90EF0029AEBF /* Release */,
			);
			defaultConfigurationIsVisible = 0;
			defaultConfigurationName = Release;
		};
/* End XCConfigurationList section */
	};
	rootObject = 6109B9DA23EC90E80029AEBF /* Project object */;
}
