// !$*UTF8*$!
{
	archiveVersion = 1;
	classes = {
	};
	objectVersion = 50;
	objects = {

/* Begin PBXBuildFile section */
		6184DA572417A5D100CFAE27 /* AppDelegate.swift in Sources */ = {isa = PBXBuildFile; fileRef = 6184DA562417A5D100CFAE27 /* AppDelegate.swift */; };
		6184DA592417A5D100CFAE27 /* SceneDelegate.swift in Sources */ = {isa = PBXBuildFile; fileRef = 6184DA582417A5D100CFAE27 /* SceneDelegate.swift */; };
		6184DA5B2417A5D100CFAE27 /* ViewController.swift in Sources */ = {isa = PBXBuildFile; fileRef = 6184DA5A2417A5D100CFAE27 /* ViewController.swift */; };
		6184DA5E2417A5D100CFAE27 /* Main.storyboard in Resources */ = {isa = PBXBuildFile; fileRef = 6184DA5C2417A5D100CFAE27 /* Main.storyboard */; };
		6184DA602417A5D800CFAE27 /* Assets.xcassets in Resources */ = {isa = PBXBuildFile; fileRef = 6184DA5F2417A5D800CFAE27 /* Assets.xcassets */; };
		6184DA632417A5D800CFAE27 /* LaunchScreen.storyboard in Resources */ = {isa = PBXBuildFile; fileRef = 6184DA612417A5D800CFAE27 /* LaunchScreen.storyboard */; };
		6184DA712417A96E00CFAE27 /* Media.xcassets in Resources */ = {isa = PBXBuildFile; fileRef = 6184DA702417A96E00CFAE27 /* Media.xcassets */; };
		6184DA732417A96E00CFAE27 /* ActionViewController.swift in Sources */ = {isa = PBXBuildFile; fileRef = 6184DA722417A96E00CFAE27 /* ActionViewController.swift */; };
		6184DA762417A96E00CFAE27 /* MainInterface.storyboard in Resources */ = {isa = PBXBuildFile; fileRef = 6184DA742417A96E00CFAE27 /* MainInterface.storyboard */; };
		6184DA7A2417A96E00CFAE27 /* Extension.appex in Embed App Extensions */ = {isa = PBXBuildFile; fileRef = 6184DA6E2417A96E00CFAE27 /* Extension.appex */; settings = {ATTRIBUTES = (RemoveHeadersOnCopy, ); }; };
		6184DA802417AC4A00CFAE27 /* Action.js in Resources */ = {isa = PBXBuildFile; fileRef = 6184DA7F2417AC4A00CFAE27 /* Action.js */; };
/* End PBXBuildFile section */

/* Begin PBXContainerItemProxy section */
		6184DA782417A96E00CFAE27 /* PBXContainerItemProxy */ = {
			isa = PBXContainerItemProxy;
			containerPortal = 6184DA4B2417A5D100CFAE27 /* Project object */;
			proxyType = 1;
			remoteGlobalIDString = 6184DA6D2417A96E00CFAE27;
			remoteInfo = Extension;
		};
/* End PBXContainerItemProxy section */

/* Begin PBXCopyFilesBuildPhase section */
		6184DA7E2417A96E00CFAE27 /* Embed App Extensions */ = {
			isa = PBXCopyFilesBuildPhase;
			buildActionMask = 2147483647;
			dstPath = "";
			dstSubfolderSpec = 13;
			files = (
				6184DA7A2417A96E00CFAE27 /* Extension.appex in Embed App Extensions */,
			);
			name = "Embed App Extensions";
			runOnlyForDeploymentPostprocessing = 0;
		};
/* End PBXCopyFilesBuildPhase section */

/* Begin PBXFileReference section */
		6184DA532417A5D100CFAE27 /* Project19.app */ = {isa = PBXFileReference; explicitFileType = wrapper.application; includeInIndex = 0; path = Project19.app; sourceTree = BUILT_PRODUCTS_DIR; };
		6184DA562417A5D100CFAE27 /* AppDelegate.swift */ = {isa = PBXFileReference; lastKnownFileType = sourcecode.swift; path = AppDelegate.swift; sourceTree = "<group>"; };
		6184DA582417A5D100CFAE27 /* SceneDelegate.swift */ = {isa = PBXFileReference; lastKnownFileType = sourcecode.swift; path = SceneDelegate.swift; sourceTree = "<group>"; };
		6184DA5A2417A5D100CFAE27 /* ViewController.swift */ = {isa = PBXFileReference; lastKnownFileType = sourcecode.swift; path = ViewController.swift; sourceTree = "<group>"; };
		6184DA5D2417A5D100CFAE27 /* Base */ = {isa = PBXFileReference; lastKnownFileType = file.storyboard; name = Base; path = Base.lproj/Main.storyboard; sourceTree = "<group>"; };
		6184DA5F2417A5D800CFAE27 /* Assets.xcassets */ = {isa = PBXFileReference; lastKnownFileType = folder.assetcatalog; path = Assets.xcassets; sourceTree = "<group>"; };
		6184DA622417A5D800CFAE27 /* Base */ = {isa = PBXFileReference; lastKnownFileType = file.storyboard; name = Base; path = Base.lproj/LaunchScreen.storyboard; sourceTree = "<group>"; };
		6184DA642417A5D800CFAE27 /* Info.plist */ = {isa = PBXFileReference; lastKnownFileType = text.plist.xml; path = Info.plist; sourceTree = "<group>"; };
		6184DA6E2417A96E00CFAE27 /* Extension.appex */ = {isa = PBXFileReference; explicitFileType = "wrapper.app-extension"; includeInIndex = 0; path = Extension.appex; sourceTree = BUILT_PRODUCTS_DIR; };
		6184DA702417A96E00CFAE27 /* Media.xcassets */ = {isa = PBXFileReference; lastKnownFileType = folder.assetcatalog; path = Media.xcassets; sourceTree = "<group>"; };
		6184DA722417A96E00CFAE27 /* ActionViewController.swift */ = {isa = PBXFileReference; lastKnownFileType = sourcecode.swift; path = ActionViewController.swift; sourceTree = "<group>"; };
		6184DA752417A96E00CFAE27 /* Base */ = {isa = PBXFileReference; lastKnownFileType = file.storyboard; name = Base; path = Base.lproj/MainInterface.storyboard; sourceTree = "<group>"; };
		6184DA772417A96E00CFAE27 /* Info.plist */ = {isa = PBXFileReference; lastKnownFileType = text.plist.xml; path = Info.plist; sourceTree = "<group>"; };
		6184DA7F2417AC4A00CFAE27 /* Action.js */ = {isa = PBXFileReference; lastKnownFileType = sourcecode.javascript; path = Action.js; sourceTree = "<group>"; };
/* End PBXFileReference section */

/* Begin PBXFrameworksBuildPhase section */
		6184DA502417A5D100CFAE27 /* Frameworks */ = {
			isa = PBXFrameworksBuildPhase;
			buildActionMask = 2147483647;
			files = (
			);
			runOnlyForDeploymentPostprocessing = 0;
		};
		6184DA6B2417A96E00CFAE27 /* Frameworks */ = {
			isa = PBXFrameworksBuildPhase;
			buildActionMask = 2147483647;
			files = (
			);
			runOnlyForDeploymentPostprocessing = 0;
		};
/* End PBXFrameworksBuildPhase section */

/* Begin PBXGroup section */
		6184DA4A2417A5D100CFAE27 = {
			isa = PBXGroup;
			children = (
				6184DA552417A5D100CFAE27 /* Project19 */,
				6184DA6F2417A96E00CFAE27 /* Extension */,
				6184DA542417A5D100CFAE27 /* Products */,
			);
			sourceTree = "<group>";
		};
		6184DA542417A5D100CFAE27 /* Products */ = {
			isa = PBXGroup;
			children = (
				6184DA532417A5D100CFAE27 /* Project19.app */,
				6184DA6E2417A96E00CFAE27 /* Extension.appex */,
			);
			name = Products;
			sourceTree = "<group>";
		};
		6184DA552417A5D100CFAE27 /* Project19 */ = {
			isa = PBXGroup;
			children = (
				6184DA562417A5D100CFAE27 /* AppDelegate.swift */,
				6184DA582417A5D100CFAE27 /* SceneDelegate.swift */,
				6184DA5A2417A5D100CFAE27 /* ViewController.swift */,
				6184DA5C2417A5D100CFAE27 /* Main.storyboard */,
				6184DA5F2417A5D800CFAE27 /* Assets.xcassets */,
				6184DA612417A5D800CFAE27 /* LaunchScreen.storyboard */,
				6184DA642417A5D800CFAE27 /* Info.plist */,
			);
			path = Project19;
			sourceTree = "<group>";
		};
		6184DA6F2417A96E00CFAE27 /* Extension */ = {
			isa = PBXGroup;
			children = (
				6184DA702417A96E00CFAE27 /* Media.xcassets */,
				6184DA722417A96E00CFAE27 /* ActionViewController.swift */,
				6184DA742417A96E00CFAE27 /* MainInterface.storyboard */,
				6184DA772417A96E00CFAE27 /* Info.plist */,
				6184DA7F2417AC4A00CFAE27 /* Action.js */,
			);
			path = Extension;
			sourceTree = "<group>";
		};
/* End PBXGroup section */

/* Begin PBXNativeTarget section */
		6184DA522417A5D100CFAE27 /* Project19 */ = {
			isa = PBXNativeTarget;
			buildConfigurationList = 6184DA672417A5D800CFAE27 /* Build configuration list for PBXNativeTarget "Project19" */;
			buildPhases = (
				6184DA4F2417A5D100CFAE27 /* Sources */,
				6184DA502417A5D100CFAE27 /* Frameworks */,
				6184DA512417A5D100CFAE27 /* Resources */,
				6184DA7E2417A96E00CFAE27 /* Embed App Extensions */,
			);
			buildRules = (
			);
			dependencies = (
				6184DA792417A96E00CFAE27 /* PBXTargetDependency */,
			);
			name = Project19;
			productName = Project19;
			productReference = 6184DA532417A5D100CFAE27 /* Project19.app */;
			productType = "com.apple.product-type.application";
		};
		6184DA6D2417A96E00CFAE27 /* Extension */ = {
			isa = PBXNativeTarget;
			buildConfigurationList = 6184DA7B2417A96E00CFAE27 /* Build configuration list for PBXNativeTarget "Extension" */;
			buildPhases = (
				6184DA6A2417A96E00CFAE27 /* Sources */,
				6184DA6B2417A96E00CFAE27 /* Frameworks */,
				6184DA6C2417A96E00CFAE27 /* Resources */,
			);
			buildRules = (
			);
			dependencies = (
			);
			name = Extension;
			productName = Extension;
			productReference = 6184DA6E2417A96E00CFAE27 /* Extension.appex */;
			productType = "com.apple.product-type.app-extension";
		};
/* End PBXNativeTarget section */

/* Begin PBXProject section */
		6184DA4B2417A5D100CFAE27 /* Project object */ = {
			isa = PBXProject;
			attributes = {
				LastSwiftUpdateCheck = 1130;
				LastUpgradeCheck = 1130;
				ORGANIZATIONNAME = "Ian McDonald";
				TargetAttributes = {
					6184DA522417A5D100CFAE27 = {
						CreatedOnToolsVersion = 11.3.1;
					};
					6184DA6D2417A96E00CFAE27 = {
						CreatedOnToolsVersion = 11.3.1;
					};
				};
			};
			buildConfigurationList = 6184DA4E2417A5D100CFAE27 /* Build configuration list for PBXProject "Project19" */;
			compatibilityVersion = "Xcode 9.3";
			developmentRegion = en;
			hasScannedForEncodings = 0;
			knownRegions = (
				en,
				Base,
			);
			mainGroup = 6184DA4A2417A5D100CFAE27;
			productRefGroup = 6184DA542417A5D100CFAE27 /* Products */;
			projectDirPath = "";
			projectRoot = "";
			targets = (
				6184DA522417A5D100CFAE27 /* Project19 */,
				6184DA6D2417A96E00CFAE27 /* Extension */,
			);
		};
/* End PBXProject section */

/* Begin PBXResourcesBuildPhase section */
		6184DA512417A5D100CFAE27 /* Resources */ = {
			isa = PBXResourcesBuildPhase;
			buildActionMask = 2147483647;
			files = (
				6184DA632417A5D800CFAE27 /* LaunchScreen.storyboard in Resources */,
				6184DA602417A5D800CFAE27 /* Assets.xcassets in Resources */,
				6184DA5E2417A5D100CFAE27 /* Main.storyboard in Resources */,
			);
			runOnlyForDeploymentPostprocessing = 0;
		};
		6184DA6C2417A96E00CFAE27 /* Resources */ = {
			isa = PBXResourcesBuildPhase;
			buildActionMask = 2147483647;
			files = (
				6184DA802417AC4A00CFAE27 /* Action.js in Resources */,
				6184DA712417A96E00CFAE27 /* Media.xcassets in Resources */,
				6184DA762417A96E00CFAE27 /* MainInterface.storyboard in Resources */,
			);
			runOnlyForDeploymentPostprocessing = 0;
		};
/* End PBXResourcesBuildPhase section */

/* Begin PBXSourcesBuildPhase section */
		6184DA4F2417A5D100CFAE27 /* Sources */ = {
			isa = PBXSourcesBuildPhase;
			buildActionMask = 2147483647;
			files = (
				6184DA5B2417A5D100CFAE27 /* ViewController.swift in Sources */,
				6184DA572417A5D100CFAE27 /* AppDelegate.swift in Sources */,
				6184DA592417A5D100CFAE27 /* SceneDelegate.swift in Sources */,
			);
			runOnlyForDeploymentPostprocessing = 0;
		};
		6184DA6A2417A96E00CFAE27 /* Sources */ = {
			isa = PBXSourcesBuildPhase;
			buildActionMask = 2147483647;
			files = (
				6184DA732417A96E00CFAE27 /* ActionViewController.swift in Sources */,
			);
			runOnlyForDeploymentPostprocessing = 0;
		};
/* End PBXSourcesBuildPhase section */

/* Begin PBXTargetDependency section */
		6184DA792417A96E00CFAE27 /* PBXTargetDependency */ = {
			isa = PBXTargetDependency;
			target = 6184DA6D2417A96E00CFAE27 /* Extension */;
			targetProxy = 6184DA782417A96E00CFAE27 /* PBXContainerItemProxy */;
		};
/* End PBXTargetDependency section */

/* Begin PBXVariantGroup section */
		6184DA5C2417A5D100CFAE27 /* Main.storyboard */ = {
			isa = PBXVariantGroup;
			children = (
				6184DA5D2417A5D100CFAE27 /* Base */,
			);
			name = Main.storyboard;
			sourceTree = "<group>";
		};
		6184DA612417A5D800CFAE27 /* LaunchScreen.storyboard */ = {
			isa = PBXVariantGroup;
			children = (
				6184DA622417A5D800CFAE27 /* Base */,
			);
			name = LaunchScreen.storyboard;
			sourceTree = "<group>";
		};
		6184DA742417A96E00CFAE27 /* MainInterface.storyboard */ = {
			isa = PBXVariantGroup;
			children = (
				6184DA752417A96E00CFAE27 /* Base */,
			);
			name = MainInterface.storyboard;
			sourceTree = "<group>";
		};
/* End PBXVariantGroup section */

/* Begin XCBuildConfiguration section */
		6184DA652417A5D800CFAE27 /* Debug */ = {
			isa = XCBuildConfiguration;
			buildSettings = {
				ALWAYS_SEARCH_USER_PATHS = NO;
				CLANG_ANALYZER_NONNULL = YES;
				CLANG_ANALYZER_NUMBER_OBJECT_CONVERSION = YES_AGGRESSIVE;
				CLANG_CXX_LANGUAGE_STANDARD = "gnu++14";
				CLANG_CXX_LIBRARY = "libc++";
				CLANG_ENABLE_MODULES = YES;
				CLANG_ENABLE_OBJC_ARC = YES;
				CLANG_ENABLE_OBJC_WEAK = YES;
				CLANG_WARN_BLOCK_CAPTURE_AUTORELEASING = YES;
				CLANG_WARN_BOOL_CONVERSION = YES;
				CLANG_WARN_COMMA = YES;
				CLANG_WARN_CONSTANT_CONVERSION = YES;
				CLANG_WARN_DEPRECATED_OBJC_IMPLEMENTATIONS = YES;
				CLANG_WARN_DIRECT_OBJC_ISA_USAGE = YES_ERROR;
				CLANG_WARN_DOCUMENTATION_COMMENTS = YES;
				CLANG_WARN_EMPTY_BODY = YES;
				CLANG_WARN_ENUM_CONVERSION = YES;
				CLANG_WARN_INFINITE_RECURSION = YES;
				CLANG_WARN_INT_CONVERSION = YES;
				CLANG_WARN_NON_LITERAL_NULL_CONVERSION = YES;
				CLANG_WARN_OBJC_IMPLICIT_RETAIN_SELF = YES;
				CLANG_WARN_OBJC_LITERAL_CONVERSION = YES;
				CLANG_WARN_OBJC_ROOT_CLASS = YES_ERROR;
				CLANG_WARN_RANGE_LOOP_ANALYSIS = YES;
				CLANG_WARN_STRICT_PROTOTYPES = YES;
				CLANG_WARN_SUSPICIOUS_MOVE = YES;
				CLANG_WARN_UNGUARDED_AVAILABILITY = YES_AGGRESSIVE;
				CLANG_WARN_UNREACHABLE_CODE = YES;
				CLANG_WARN__DUPLICATE_METHOD_MATCH = YES;
				COPY_PHASE_STRIP = NO;
				DEBUG_INFORMATION_FORMAT = dwarf;
				ENABLE_STRICT_OBJC_MSGSEND = YES;
				ENABLE_TESTABILITY = YES;
				GCC_C_LANGUAGE_STANDARD = gnu11;
				GCC_DYNAMIC_NO_PIC = NO;
				GCC_NO_COMMON_BLOCKS = YES;
				GCC_OPTIMIZATION_LEVEL = 0;
				GCC_PREPROCESSOR_DEFINITIONS = (
					"DEBUG=1",
					"$(inherited)",
				);
				GCC_WARN_64_TO_32_BIT_CONVERSION = YES;
				GCC_WARN_ABOUT_RETURN_TYPE = YES_ERROR;
				GCC_WARN_UNDECLARED_SELECTOR = YES;
				GCC_WARN_UNINITIALIZED_AUTOS = YES_AGGRESSIVE;
				GCC_WARN_UNUSED_FUNCTION = YES;
				GCC_WARN_UNUSED_VARIABLE = YES;
				IPHONEOS_DEPLOYMENT_TARGET = 13.2;
				MTL_ENABLE_DEBUG_INFO = INCLUDE_SOURCE;
				MTL_FAST_MATH = YES;
				ONLY_ACTIVE_ARCH = YES;
				SDKROOT = iphoneos;
				SWIFT_ACTIVE_COMPILATION_CONDITIONS = DEBUG;
				SWIFT_OPTIMIZATION_LEVEL = "-Onone";
			};
			name = Debug;
		};
		6184DA662417A5D800CFAE27 /* Release */ = {
			isa = XCBuildConfiguration;
			buildSettings = {
				ALWAYS_SEARCH_USER_PATHS = NO;
				CLANG_ANALYZER_NONNULL = YES;
				CLANG_ANALYZER_NUMBER_OBJECT_CONVERSION = YES_AGGRESSIVE;
				CLANG_CXX_LANGUAGE_STANDARD = "gnu++14";
				CLANG_CXX_LIBRARY = "libc++";
				CLANG_ENABLE_MODULES = YES;
				CLANG_ENABLE_OBJC_ARC = YES;
				CLANG_ENABLE_OBJC_WEAK = YES;
				CLANG_WARN_BLOCK_CAPTURE_AUTORELEASING = YES;
				CLANG_WARN_BOOL_CONVERSION = YES;
				CLANG_WARN_COMMA = YES;
				CLANG_WARN_CONSTANT_CONVERSION = YES;
				CLANG_WARN_DEPRECATED_OBJC_IMPLEMENTATIONS = YES;
				CLANG_WARN_DIRECT_OBJC_ISA_USAGE = YES_ERROR;
				CLANG_WARN_DOCUMENTATION_COMMENTS = YES;
				CLANG_WARN_EMPTY_BODY = YES;
				CLANG_WARN_ENUM_CONVERSION = YES;
				CLANG_WARN_INFINITE_RECURSION = YES;
				CLANG_WARN_INT_CONVERSION = YES;
				CLANG_WARN_NON_LITERAL_NULL_CONVERSION = YES;
				CLANG_WARN_OBJC_IMPLICIT_RETAIN_SELF = YES;
				CLANG_WARN_OBJC_LITERAL_CONVERSION = YES;
				CLANG_WARN_OBJC_ROOT_CLASS = YES_ERROR;
				CLANG_WARN_RANGE_LOOP_ANALYSIS = YES;
				CLANG_WARN_STRICT_PROTOTYPES = YES;
				CLANG_WARN_SUSPICIOUS_MOVE = YES;
				CLANG_WARN_UNGUARDED_AVAILABILITY = YES_AGGRESSIVE;
				CLANG_WARN_UNREACHABLE_CODE = YES;
				CLANG_WARN__DUPLICATE_METHOD_MATCH = YES;
				COPY_PHASE_STRIP = NO;
				DEBUG_INFORMATION_FORMAT = "dwarf-with-dsym";
				ENABLE_NS_ASSERTIONS = NO;
				ENABLE_STRICT_OBJC_MSGSEND = YES;
				GCC_C_LANGUAGE_STANDARD = gnu11;
				GCC_NO_COMMON_BLOCKS = YES;
				GCC_WARN_64_TO_32_BIT_CONVERSION = YES;
				GCC_WARN_ABOUT_RETURN_TYPE = YES_ERROR;
				GCC_WARN_UNDECLARED_SELECTOR = YES;
				GCC_WARN_UNINITIALIZED_AUTOS = YES_AGGRESSIVE;
				GCC_WARN_UNUSED_FUNCTION = YES;
				GCC_WARN_UNUSED_VARIABLE = YES;
				IPHONEOS_DEPLOYMENT_TARGET = 13.2;
				MTL_ENABLE_DEBUG_INFO = NO;
				MTL_FAST_MATH = YES;
				SDKROOT = iphoneos;
				SWIFT_COMPILATION_MODE = wholemodule;
				SWIFT_OPTIMIZATION_LEVEL = "-O";
				VALIDATE_PRODUCT = YES;
			};
			name = Release;
		};
		6184DA682417A5D800CFAE27 /* Debug */ = {
			isa = XCBuildConfiguration;
			buildSettings = {
				ALWAYS_EMBED_SWIFT_STANDARD_LIBRARIES = YES;
				ASSETCATALOG_COMPILER_APPICON_NAME = AppIcon;
				CODE_SIGN_STYLE = Automatic;
				DEVELOPMENT_TEAM = UP7QZH8RXJ;
				INFOPLIST_FILE = Project19/Info.plist;
				LD_RUNPATH_SEARCH_PATHS = (
					"$(inherited)",
					"@executable_path/Frameworks",
				);
				PRODUCT_BUNDLE_IDENTIFIER = me.ianmcdonald.Project19;
				PRODUCT_NAME = "$(TARGET_NAME)";
				SWIFT_VERSION = 5.0;
				TARGETED_DEVICE_FAMILY = "1,2";
			};
			name = Debug;
		};
		6184DA692417A5D800CFAE27 /* Release */ = {
			isa = XCBuildConfiguration;
			buildSettings = {
				ALWAYS_EMBED_SWIFT_STANDARD_LIBRARIES = YES;
				ASSETCATALOG_COMPILER_APPICON_NAME = AppIcon;
				CODE_SIGN_STYLE = Automatic;
				DEVELOPMENT_TEAM = UP7QZH8RXJ;
				INFOPLIST_FILE = Project19/Info.plist;
				LD_RUNPATH_SEARCH_PATHS = (
					"$(inherited)",
					"@executable_path/Frameworks",
				);
				PRODUCT_BUNDLE_IDENTIFIER = me.ianmcdonald.Project19;
				PRODUCT_NAME = "$(TARGET_NAME)";
				SWIFT_VERSION = 5.0;
				TARGETED_DEVICE_FAMILY = "1,2";
			};
			name = Release;
		};
		6184DA7C2417A96E00CFAE27 /* Debug */ = {
			isa = XCBuildConfiguration;
			buildSettings = {
				CODE_SIGN_STYLE = Automatic;
				DEVELOPMENT_TEAM = UP7QZH8RXJ;
				INFOPLIST_FILE = Extension/Info.plist;
				LD_RUNPATH_SEARCH_PATHS = (
					"$(inherited)",
					"@executable_path/Frameworks",
					"@executable_path/../../Frameworks",
				);
				PRODUCT_BUNDLE_IDENTIFIER = me.ianmcdonald.Project19.Extension;
				PRODUCT_NAME = "$(TARGET_NAME)";
				SKIP_INSTALL = YES;
				SWIFT_VERSION = 5.0;
				TARGETED_DEVICE_FAMILY = "1,2";
			};
			name = Debug;
		};
		6184DA7D2417A96E00CFAE27 /* Release */ = {
			isa = XCBuildConfiguration;
			buildSettings = {
				CODE_SIGN_STYLE = Automatic;
				DEVELOPMENT_TEAM = UP7QZH8RXJ;
				INFOPLIST_FILE = Extension/Info.plist;
				LD_RUNPATH_SEARCH_PATHS = (
					"$(inherited)",
					"@executable_path/Frameworks",
					"@executable_path/../../Frameworks",
				);
				PRODUCT_BUNDLE_IDENTIFIER = me.ianmcdonald.Project19.Extension;
				PRODUCT_NAME = "$(TARGET_NAME)";
				SKIP_INSTALL = YES;
				SWIFT_VERSION = 5.0;
				TARGETED_DEVICE_FAMILY = "1,2";
			};
			name = Release;
		};
/* End XCBuildConfiguration section */

/* Begin XCConfigurationList section */
		6184DA4E2417A5D100CFAE27 /* Build configuration list for PBXProject "Project19" */ = {
			isa = XCConfigurationList;
			buildConfigurations = (
				6184DA652417A5D800CFAE27 /* Debug */,
				6184DA662417A5D800CFAE27 /* Release */,
			);
			defaultConfigurationIsVisible = 0;
			defaultConfigurationName = Release;
		};
		6184DA672417A5D800CFAE27 /* Build configuration list for PBXNativeTarget "Project19" */ = {
			isa = XCConfigurationList;
			buildConfigurations = (
				6184DA682417A5D800CFAE27 /* Debug */,
				6184DA692417A5D800CFAE27 /* Release */,
			);
			defaultConfigurationIsVisible = 0;
			defaultConfigurationName = Release;
		};
		6184DA7B2417A96E00CFAE27 /* Build configuration list for PBXNativeTarget "Extension" */ = {
			isa = XCConfigurationList;
			buildConfigurations = (
				6184DA7C2417A96E00CFAE27 /* Debug */,
				6184DA7D2417A96E00CFAE27 /* Release */,
			);
			defaultConfigurationIsVisible = 0;
			defaultConfigurationName = Release;
		};
/* End XCConfigurationList section */
	};
	rootObject = 6184DA4B2417A5D100CFAE27 /* Project object */;
}
