// !$*UTF8*$!
{
	archiveVersion = 1;
	classes = {
	};
	objectVersion = 50;
	objects = {

/* Begin PBXBuildFile section */
		6184DAC32418181D00CFAE27 /* AppDelegate.swift in Sources */ = {isa = PBXBuildFile; fileRef = 6184DAC22418181D00CFAE27 /* AppDelegate.swift */; };
		6184DAC52418181D00CFAE27 /* SceneDelegate.swift in Sources */ = {isa = PBXBuildFile; fileRef = 6184DAC42418181D00CFAE27 /* SceneDelegate.swift */; };
		6184DAC72418181D00CFAE27 /* ViewController.swift in Sources */ = {isa = PBXBuildFile; fileRef = 6184DAC62418181D00CFAE27 /* ViewController.swift */; };
		6184DACA2418181D00CFAE27 /* Main.storyboard in Resources */ = {isa = PBXBuildFile; fileRef = 6184DAC82418181D00CFAE27 /* Main.storyboard */; };
		6184DACC2418182400CFAE27 /* Assets.xcassets in Resources */ = {isa = PBXBuildFile; fileRef = 6184DACB2418182400CFAE27 /* Assets.xcassets */; };
		6184DACF2418182400CFAE27 /* LaunchScreen.storyboard in Resources */ = {isa = PBXBuildFile; fileRef = 6184DACD2418182400CFAE27 /* LaunchScreen.storyboard */; };
/* End PBXBuildFile section */

/* Begin PBXFileReference section */
		6184DABF2418181D00CFAE27 /* Project21.app */ = {isa = PBXFileReference; explicitFileType = wrapper.application; includeInIndex = 0; path = Project21.app; sourceTree = BUILT_PRODUCTS_DIR; };
		6184DAC22418181D00CFAE27 /* AppDelegate.swift */ = {isa = PBXFileReference; lastKnownFileType = sourcecode.swift; path = AppDelegate.swift; sourceTree = "<group>"; };
		6184DAC42418181D00CFAE27 /* SceneDelegate.swift */ = {isa = PBXFileReference; lastKnownFileType = sourcecode.swift; path = SceneDelegate.swift; sourceTree = "<group>"; };
		6184DAC62418181D00CFAE27 /* ViewController.swift */ = {isa = PBXFileReference; lastKnownFileType = sourcecode.swift; path = ViewController.swift; sourceTree = "<group>"; };
		6184DAC92418181D00CFAE27 /* Base */ = {isa = PBXFileReference; lastKnownFileType = file.storyboard; name = Base; path = Base.lproj/Main.storyboard; sourceTree = "<group>"; };
		6184DACB2418182400CFAE27 /* Assets.xcassets */ = {isa = PBXFileReference; lastKnownFileType = folder.assetcatalog; path = Assets.xcassets; sourceTree = "<group>"; };
		6184DACE2418182400CFAE27 /* Base */ = {isa = PBXFileReference; lastKnownFileType = file.storyboard; name = Base; path = Base.lproj/LaunchScreen.storyboard; sourceTree = "<group>"; };
		6184DAD02418182400CFAE27 /* Info.plist */ = {isa = PBXFileReference; lastKnownFileType = text.plist.xml; path = Info.plist; sourceTree = "<group>"; };
/* End PBXFileReference section */

/* Begin PBXFrameworksBuildPhase section */
		6184DABC2418181D00CFAE27 /* Frameworks */ = {
			isa = PBXFrameworksBuildPhase;
			buildActionMask = 2147483647;
			files = (
			);
			runOnlyForDeploymentPostprocessing = 0;
		};
/* End PBXFrameworksBuildPhase section */

/* Begin PBXGroup section */
		6184DAB62418181D00CFAE27 = {
			isa = PBXGroup;
			children = (
				6184DAC12418181D00CFAE27 /* Project21 */,
				6184DAC02418181D00CFAE27 /* Products */,
			);
			sourceTree = "<group>";
		};
		6184DAC02418181D00CFAE27 /* Products */ = {
			isa = PBXGroup;
			children = (
				6184DABF2418181D00CFAE27 /* Project21.app */,
			);
			name = Products;
			sourceTree = "<group>";
		};
		6184DAC12418181D00CFAE27 /* Project21 */ = {
			isa = PBXGroup;
			children = (
				6184DAC22418181D00CFAE27 /* AppDelegate.swift */,
				6184DAC42418181D00CFAE27 /* SceneDelegate.swift */,
				6184DAC62418181D00CFAE27 /* ViewController.swift */,
				6184DAC82418181D00CFAE27 /* Main.storyboard */,
				6184DACB2418182400CFAE27 /* Assets.xcassets */,
				6184DACD2418182400CFAE27 /* LaunchScreen.storyboard */,
				6184DAD02418182400CFAE27 /* Info.plist */,
			);
			path = Project21;
			sourceTree = "<group>";
		};
/* End PBXGroup section */

/* Begin PBXNativeTarget section */
		6184DABE2418181D00CFAE27 /* Project21 */ = {
			isa = PBXNativeTarget;
			buildConfigurationList = 6184DAD32418182400CFAE27 /* Build configuration list for PBXNativeTarget "Project21" */;
			buildPhases = (
				6184DABB2418181D00CFAE27 /* Sources */,
				6184DABC2418181D00CFAE27 /* Frameworks */,
				6184DABD2418181D00CFAE27 /* Resources */,
			);
			buildRules = (
			);
			dependencies = (
			);
			name = Project21;
			productName = Project21;
			productReference = 6184DABF2418181D00CFAE27 /* Project21.app */;
			productType = "com.apple.product-type.application";
		};
/* End PBXNativeTarget section */

/* Begin PBXProject section */
		6184DAB72418181D00CFAE27 /* Project object */ = {
			isa = PBXProject;
			attributes = {
				LastSwiftUpdateCheck = 1130;
				LastUpgradeCheck = 1130;
				ORGANIZATIONNAME = "Ian McDonald";
				TargetAttributes = {
					6184DABE2418181D00CFAE27 = {
						CreatedOnToolsVersion = 11.3.1;
					};
				};
			};
			buildConfigurationList = 6184DABA2418181D00CFAE27 /* Build configuration list for PBXProject "Project21" */;
			compatibilityVersion = "Xcode 9.3";
			developmentRegion = en;
			hasScannedForEncodings = 0;
			knownRegions = (
				en,
				Base,
			);
			mainGroup = 6184DAB62418181D00CFAE27;
			productRefGroup = 6184DAC02418181D00CFAE27 /* Products */;
			projectDirPath = "";
			projectRoot = "";
			targets = (
				6184DABE2418181D00CFAE27 /* Project21 */,
			);
		};
/* End PBXProject section */

/* Begin PBXResourcesBuildPhase section */
		6184DABD2418181D00CFAE27 /* Resources */ = {
			isa = PBXResourcesBuildPhase;
			buildActionMask = 2147483647;
			files = (
				6184DACF2418182400CFAE27 /* LaunchScreen.storyboard in Resources */,
				6184DACC2418182400CFAE27 /* Assets.xcassets in Resources */,
				6184DACA2418181D00CFAE27 /* Main.storyboard in Resources */,
			);
			runOnlyForDeploymentPostprocessing = 0;
		};
/* End PBXResourcesBuildPhase section */

/* Begin PBXSourcesBuildPhase section */
		6184DABB2418181D00CFAE27 /* Sources */ = {
			isa = PBXSourcesBuildPhase;
			buildActionMask = 2147483647;
			files = (
				6184DAC72418181D00CFAE27 /* ViewController.swift in Sources */,
				6184DAC32418181D00CFAE27 /* AppDelegate.swift in Sources */,
				6184DAC52418181D00CFAE27 /* SceneDelegate.swift in Sources */,
			);
			runOnlyForDeploymentPostprocessing = 0;
		};
/* End PBXSourcesBuildPhase section */

/* Begin PBXVariantGroup section */
		6184DAC82418181D00CFAE27 /* Main.storyboard */ = {
			isa = PBXVariantGroup;
			children = (
				6184DAC92418181D00CFAE27 /* Base */,
			);
			name = Main.storyboard;
			sourceTree = "<group>";
		};
		6184DACD2418182400CFAE27 /* LaunchScreen.storyboard */ = {
			isa = PBXVariantGroup;
			children = (
				6184DACE2418182400CFAE27 /* Base */,
			);
			name = LaunchScreen.storyboard;
			sourceTree = "<group>";
		};
/* End PBXVariantGroup section */

/* Begin XCBuildConfiguration section */
		6184DAD12418182400CFAE27 /* Debug */ = {
			isa = XCBuildConfiguration;
			buildSettings = {
				ALWAYS_SEARCH_USER_PATHS = NO;
				CLANG_ANALYZER_NONNULL = YES;
				CLANG_ANALYZER_NUMBER_OBJECT_CONVERSION = YES_AGGRESSIVE;
				CLANG_CXX_LANGUAGE_STANDARD = "gnu++14";
				CLANG_CXX_LIBRARY = "libc++";
				CLANG_ENABLE_MODULES = YES;
				CLANG_ENABLE_OBJC_ARC = YES;
				CLANG_ENABLE_OBJC_WEAK = YES;
				CLANG_WARN_BLOCK_CAPTURE_AUTORELEASING = YES;
				CLANG_WARN_BOOL_CONVERSION = YES;
				CLANG_WARN_COMMA = YES;
				CLANG_WARN_CONSTANT_CONVERSION = YES;
				CLANG_WARN_DEPRECATED_OBJC_IMPLEMENTATIONS = YES;
				CLANG_WARN_DIRECT_OBJC_ISA_USAGE = YES_ERROR;
				CLANG_WARN_DOCUMENTATION_COMMENTS = YES;
				CLANG_WARN_EMPTY_BODY = YES;
				CLANG_WARN_ENUM_CONVERSION = YES;
				CLANG_WARN_INFINITE_RECURSION = YES;
				CLANG_WARN_INT_CONVERSION = YES;
				CLANG_WARN_NON_LITERAL_NULL_CONVERSION = YES;
				CLANG_WARN_OBJC_IMPLICIT_RETAIN_SELF = YES;
				CLANG_WARN_OBJC_LITERAL_CONVERSION = YES;
				CLANG_WARN_OBJC_ROOT_CLASS = YES_ERROR;
				CLANG_WARN_RANGE_LOOP_ANALYSIS = YES;
				CLANG_WARN_STRICT_PROTOTYPES = YES;
				CLANG_WARN_SUSPICIOUS_MOVE = YES;
				CLANG_WARN_UNGUARDED_AVAILABILITY = YES_AGGRESSIVE;
				CLANG_WARN_UNREACHABLE_CODE = YES;
				CLANG_WARN__DUPLICATE_METHOD_MATCH = YES;
				COPY_PHASE_STRIP = NO;
				DEBUG_INFORMATION_FORMAT = dwarf;
				ENABLE_STRICT_OBJC_MSGSEND = YES;
				ENABLE_TESTABILITY = YES;
				GCC_C_LANGUAGE_STANDARD = gnu11;
				GCC_DYNAMIC_NO_PIC = NO;
				GCC_NO_COMMON_BLOCKS = YES;
				GCC_OPTIMIZATION_LEVEL = 0;
				GCC_PREPROCESSOR_DEFINITIONS = (
					"DEBUG=1",
					"$(inherited)",
				);
				GCC_WARN_64_TO_32_BIT_CONVERSION = YES;
				GCC_WARN_ABOUT_RETURN_TYPE = YES_ERROR;
				GCC_WARN_UNDECLARED_SELECTOR = YES;
				GCC_WARN_UNINITIALIZED_AUTOS = YES_AGGRESSIVE;
				GCC_WARN_UNUSED_FUNCTION = YES;
				GCC_WARN_UNUSED_VARIABLE = YES;
				IPHONEOS_DEPLOYMENT_TARGET = 13.2;
				MTL_ENABLE_DEBUG_INFO = INCLUDE_SOURCE;
				MTL_FAST_MATH = YES;
				ONLY_ACTIVE_ARCH = YES;
				SDKROOT = iphoneos;
				SWIFT_ACTIVE_COMPILATION_CONDITIONS = DEBUG;
				SWIFT_OPTIMIZATION_LEVEL = "-Onone";
			};
			name = Debug;
		};
		6184DAD22418182400CFAE27 /* Release */ = {
			isa = XCBuildConfiguration;
			buildSettings = {
				ALWAYS_SEARCH_USER_PATHS = NO;
				CLANG_ANALYZER_NONNULL = YES;
				CLANG_ANALYZER_NUMBER_OBJECT_CONVERSION = YES_AGGRESSIVE;
				CLANG_CXX_LANGUAGE_STANDARD = "gnu++14";
				CLANG_CXX_LIBRARY = "libc++";
				CLANG_ENABLE_MODULES = YES;
				CLANG_ENABLE_OBJC_ARC = YES;
				CLANG_ENABLE_OBJC_WEAK = YES;
				CLANG_WARN_BLOCK_CAPTURE_AUTORELEASING = YES;
				CLANG_WARN_BOOL_CONVERSION = YES;
				CLANG_WARN_COMMA = YES;
				CLANG_WARN_CONSTANT_CONVERSION = YES;
				CLANG_WARN_DEPRECATED_OBJC_IMPLEMENTATIONS = YES;
				CLANG_WARN_DIRECT_OBJC_ISA_USAGE = YES_ERROR;
				CLANG_WARN_DOCUMENTATION_COMMENTS = YES;
				CLANG_WARN_EMPTY_BODY = YES;
				CLANG_WARN_ENUM_CONVERSION = YES;
				CLANG_WARN_INFINITE_RECURSION = YES;
				CLANG_WARN_INT_CONVERSION = YES;
				CLANG_WARN_NON_LITERAL_NULL_CONVERSION = YES;
				CLANG_WARN_OBJC_IMPLICIT_RETAIN_SELF = YES;
				CLANG_WARN_OBJC_LITERAL_CONVERSION = YES;
				CLANG_WARN_OBJC_ROOT_CLASS = YES_ERROR;
				CLANG_WARN_RANGE_LOOP_ANALYSIS = YES;
				CLANG_WARN_STRICT_PROTOTYPES = YES;
				CLANG_WARN_SUSPICIOUS_MOVE = YES;
				CLANG_WARN_UNGUARDED_AVAILABILITY = YES_AGGRESSIVE;
				CLANG_WARN_UNREACHABLE_CODE = YES;
				CLANG_WARN__DUPLICATE_METHOD_MATCH = YES;
				COPY_PHASE_STRIP = NO;
				DEBUG_INFORMATION_FORMAT = "dwarf-with-dsym";
				ENABLE_NS_ASSERTIONS = NO;
				ENABLE_STRICT_OBJC_MSGSEND = YES;
				GCC_C_LANGUAGE_STANDARD = gnu11;
				GCC_NO_COMMON_BLOCKS = YES;
				GCC_WARN_64_TO_32_BIT_CONVERSION = YES;
				GCC_WARN_ABOUT_RETURN_TYPE = YES_ERROR;
				GCC_WARN_UNDECLARED_SELECTOR = YES;
				GCC_WARN_UNINITIALIZED_AUTOS = YES_AGGRESSIVE;
				GCC_WARN_UNUSED_FUNCTION = YES;
				GCC_WARN_UNUSED_VARIABLE = YES;
				IPHONEOS_DEPLOYMENT_TARGET = 13.2;
				MTL_ENABLE_DEBUG_INFO = NO;
				MTL_FAST_MATH = YES;
				SDKROOT = iphoneos;
				SWIFT_COMPILATION_MODE = wholemodule;
				SWIFT_OPTIMIZATION_LEVEL = "-O";
				VALIDATE_PRODUCT = YES;
			};
			name = Release;
		};
		6184DAD42418182400CFAE27 /* Debug */ = {
			isa = XCBuildConfiguration;
			buildSettings = {
				ASSETCATALOG_COMPILER_APPICON_NAME = AppIcon;
				CODE_SIGN_STYLE = Automatic;
				DEVELOPMENT_TEAM = UP7QZH8RXJ;
				INFOPLIST_FILE = Project21/Info.plist;
				LD_RUNPATH_SEARCH_PATHS = (
					"$(inherited)",
					"@executable_path/Frameworks",
				);
				PRODUCT_BUNDLE_IDENTIFIER = me.ianmcdonald.Project21;
				PRODUCT_NAME = "$(TARGET_NAME)";
				SWIFT_VERSION = 5.0;
				TARGETED_DEVICE_FAMILY = "1,2";
			};
			name = Debug;
		};
		6184DAD52418182400CFAE27 /* Release */ = {
			isa = XCBuildConfiguration;
			buildSettings = {
				ASSETCATALOG_COMPILER_APPICON_NAME = AppIcon;
				CODE_SIGN_STYLE = Automatic;
				DEVELOPMENT_TEAM = UP7QZH8RXJ;
				INFOPLIST_FILE = Project21/Info.plist;
				LD_RUNPATH_SEARCH_PATHS = (
					"$(inherited)",
					"@executable_path/Frameworks",
				);
				PRODUCT_BUNDLE_IDENTIFIER = me.ianmcdonald.Project21;
				PRODUCT_NAME = "$(TARGET_NAME)";
				SWIFT_VERSION = 5.0;
				TARGETED_DEVICE_FAMILY = "1,2";
			};
			name = Release;
		};
/* End XCBuildConfiguration section */

/* Begin XCConfigurationList section */
		6184DABA2418181D00CFAE27 /* Build configuration list for PBXProject "Project21" */ = {
			isa = XCConfigurationList;
			buildConfigurations = (
				6184DAD12418182400CFAE27 /* Debug */,
				6184DAD22418182400CFAE27 /* Release */,
			);
			defaultConfigurationIsVisible = 0;
			defaultConfigurationName = Release;
		};
		6184DAD32418182400CFAE27 /* Build configuration list for PBXNativeTarget "Project21" */ = {
			isa = XCConfigurationList;
			buildConfigurations = (
				6184DAD42418182400CFAE27 /* Debug */,
				6184DAD52418182400CFAE27 /* Release */,
			);
			defaultConfigurationIsVisible = 0;
			defaultConfigurationName = Release;
		};
/* End XCConfigurationList section */
	};
	rootObject = 6184DAB72418181D00CFAE27 /* Project object */;
}
